{
  "lockfile_version": 1,
  "os": "Windows 10 x64 (build 22622)",
  "r_version": "R version 4.2.2 (2022-10-31 ucrt)",
  "platform": "x86_64-w64-mingw32",
  "packages": [
    {
      "ref": "deps::.",
      "package": "hivModelling-deps",
      "version": "0.9.33",
      "type": "deps",
      "direct": true,
      "binary": false,
      "dependencies": ["cli", "data.table", "fs", "future", "ggplot2", "nloptr", "prettyunits", "Rcpp", "xml2"],
      "vignettes": false,
      "metadata": {
        "RemotePkgRef": "deps::.",
        "RemoteType": "deps"
      },
      "sources": [],
      "target": "src/contrib/hivModelling-deps_0.9.33.tar.gz",
      "platform": "source",
      "rversion": "*",
      "directpkg": true,
      "license": "file LICENSE",
      "dep_types": ["Depends", "Imports", "LinkingTo"],
      "params": [],
      "install_args": "--no-multiarch"
    },
    {
      "ref": "R6",
      "package": "R6",
      "version": "2.5.1",
      "type": "standard",
      "direct": false,
      "binary": true,
      "dependencies": [],
      "vignettes": false,
      "needscompilation": false,
      "metadata": {
        "RemoteType": "standard",
        "RemotePkgRef": "R6",
        "RemoteRef": "R6",
        "RemoteRepos": "https://packagemanager.rstudio.com/cran/2022-12-02",
        "RemotePkgPlatform": "i386+x86_64-w64-mingw32",
        "RemoteSha": "2.5.1"
      },
      "sources": ["https://packagemanager.rstudio.com/cran/2022-12-02/bin/windows/contrib/4.2/R6_2.5.1.zip"],
      "target": "bin/windows/contrib/4.2/R6_2.5.1.zip",
      "platform": "i386+x86_64-w64-mingw32",
      "rversion": "4.2",
      "built": "R 4.2.2; ; 2022-12-11 01:51:40 UTC; windows",
      "directpkg": false,
      "license": "MIT + file LICENSE",
      "sha256": "301c8150039e4cd75a50be02d222392f60e8706428f816c80b750e63a2a7a224",
      "filesize": 84294,
      "dep_types": ["Depends", "Imports", "LinkingTo"],
      "params": [],
      "install_args": "",
      "repotype": "cran"
    },
    {
      "ref": "RColorBrewer",
      "package": "RColorBrewer",
      "version": "1.1-3",
      "type": "standard",
      "direct": false,
      "binary": true,
      "dependencies": [],
      "vignettes": false,
      "needscompilation": false,
      "metadata": {
        "RemoteType": "standard",
        "RemotePkgRef": "RColorBrewer",
        "RemoteRef": "RColorBrewer",
        "RemoteRepos": "https://packagemanager.rstudio.com/cran/2022-12-02",
        "RemotePkgPlatform": "i386+x86_64-w64-mingw32",
        "RemoteSha": "1.1-3"
      },
      "sources": ["https://packagemanager.rstudio.com/cran/2022-12-02/bin/windows/contrib/4.2/RColorBrewer_1.1-3.zip"],
      "target": "bin/windows/contrib/4.2/RColorBrewer_1.1-3.zip",
      "platform": "i386+x86_64-w64-mingw32",
      "rversion": "4.2",
      "built": "R 4.2.0; ; 2022-04-24 01:19:40 UTC; windows",
      "directpkg": false,
      "license": "Apache License 2.0",
      "sha256": "9939479633c5f7b47528bbb249841509f8b132a70d6b8e50ac0cb211e9d005f2",
      "filesize": 55837,
      "dep_types": ["Depends", "Imports", "LinkingTo"],
      "params": [],
      "install_args": "",
      "repotype": "cran"
    },
    {
      "ref": "Rcpp",
      "package": "Rcpp",
      "version": "1.0.9",
      "type": "standard",
      "direct": false,
      "binary": true,
      "dependencies": [],
      "vignettes": false,
      "needscompilation": true,
      "metadata": {
        "RemoteType": "standard",
        "RemotePkgRef": "Rcpp",
        "RemoteRef": "Rcpp",
        "RemoteRepos": "https://packagemanager.rstudio.com/cran/2022-12-02",
        "RemotePkgPlatform": "i386+x86_64-w64-mingw32",
        "RemoteSha": "1.0.9"
      },
      "sources": ["https://packagemanager.rstudio.com/cran/2022-12-02/bin/windows/contrib/4.2/Rcpp_1.0.9.zip"],
      "target": "bin/windows/contrib/4.2/Rcpp_1.0.9.zip",
      "platform": "i386+x86_64-w64-mingw32",
      "rversion": "4.2",
      "built": "R 4.2.2; x86_64-w64-mingw32; 2022-12-04 02:08:23 UTC; windows",
      "directpkg": false,
      "license": "GPL (>= 2)",
      "sha256": "68b7fbd837608959b8722b1c7e37476041875e95d7f996697e0c02d322f9d6ae",
      "filesize": 2842461,
      "dep_types": ["Depends", "Imports", "LinkingTo"],
      "params": [],
      "install_args": "",
      "repotype": "cran"
    },
    {
      "ref": "cli",
      "package": "cli",
      "version": "3.4.1",
      "type": "standard",
      "direct": false,
      "binary": true,
      "dependencies": [],
      "vignettes": false,
      "needscompilation": true,
      "metadata": {
        "RemoteType": "standard",
        "RemotePkgRef": "cli",
        "RemoteRef": "cli",
        "RemoteRepos": "https://packagemanager.rstudio.com/cran/2022-12-02",
        "RemotePkgPlatform": "i386+x86_64-w64-mingw32",
        "RemoteSha": "3.4.1"
      },
      "sources": ["https://packagemanager.rstudio.com/cran/2022-12-02/bin/windows/contrib/4.2/cli_3.4.1.zip"],
      "target": "bin/windows/contrib/4.2/cli_3.4.1.zip",
      "platform": "i386+x86_64-w64-mingw32",
      "rversion": "4.2",
      "built": "R 4.2.2; x86_64-w64-mingw32; 2022-12-11 01:52:16 UTC; windows",
      "directpkg": false,
      "license": "MIT + file LICENSE",
      "sha256": "67e8b502cb25931c4645741db036ad880ebcf5f8ce189636a216beb698c67952",
      "filesize": 1258265,
      "dep_types": ["Depends", "Imports", "LinkingTo"],
      "params": [],
      "install_args": "",
      "repotype": "cran"
    },
    {
      "ref": "colorspace",
      "package": "colorspace",
      "version": "2.0-3",
      "type": "standard",
      "direct": false,
      "binary": true,
      "dependencies": [],
      "vignettes": false,
      "needscompilation": true,
      "metadata": {
        "RemoteType": "standard",
        "RemotePkgRef": "colorspace",
        "RemoteRef": "colorspace",
        "RemoteRepos": "https://packagemanager.rstudio.com/cran/2022-12-02",
        "RemotePkgPlatform": "i386+x86_64-w64-mingw32",
        "RemoteSha": "2.0-3"
      },
      "sources": ["https://packagemanager.rstudio.com/cran/2022-12-02/bin/windows/contrib/4.2/colorspace_2.0-3.zip"],
      "target": "bin/windows/contrib/4.2/colorspace_2.0-3.zip",
      "platform": "i386+x86_64-w64-mingw32",
      "rversion": "4.2",
      "built": "R 4.2.2; x86_64-w64-mingw32; 2022-12-11 01:53:45 UTC; windows",
      "directpkg": false,
      "license": "BSD_3_clause + file LICENSE",
      "sha256": "b6ed0dc852b9c640f9d364d3cded7a0d6515f6541e098ce362a0aa5428ba359e",
      "filesize": 2627409,
      "dep_types": ["Depends", "Imports", "LinkingTo"],
      "params": [],
      "install_args": "",
      "repotype": "cran"
    },
    {
      "ref": "data.table",
      "package": "data.table",
      "version": "1.14.6",
      "type": "standard",
      "direct": false,
      "binary": true,
      "dependencies": [],
      "vignettes": false,
      "needscompilation": true,
      "metadata": {
        "RemoteType": "standard",
        "RemotePkgRef": "data.table",
        "RemoteRef": "data.table",
        "RemoteRepos": "https://packagemanager.rstudio.com/cran/2022-12-02",
        "RemotePkgPlatform": "i386+x86_64-w64-mingw32",
        "RemoteSha": "1.14.6"
      },
      "sources": ["https://packagemanager.rstudio.com/cran/2022-12-02/bin/windows/contrib/4.2/data.table_1.14.6.zip"],
      "target": "bin/windows/contrib/4.2/data.table_1.14.6.zip",
      "platform": "i386+x86_64-w64-mingw32",
      "rversion": "4.2",
      "built": "R 4.2.2; x86_64-w64-mingw32; 2022-12-08 01:42:12 UTC; windows",
      "directpkg": false,
      "license": "MPL-2.0 | file LICENSE",
      "sha256": "5c0fba8d589c861edb18c695e546bf8cb1d305130f6223c26a1a4c4fc057e800",
      "filesize": 2238424,
      "dep_types": ["Depends", "Imports", "LinkingTo"],
      "params": [],
      "install_args": "",
      "repotype": "cran"
    },
    {
      "ref": "digest",
      "package": "digest",
      "version": "0.6.30",
      "type": "standard",
      "direct": false,
      "binary": true,
      "dependencies": [],
      "vignettes": false,
      "needscompilation": true,
      "metadata": {
        "RemoteType": "standard",
        "RemotePkgRef": "digest",
        "RemoteRef": "digest",
        "RemoteRepos": "https://packagemanager.rstudio.com/cran/2022-12-02",
        "RemotePkgPlatform": "i386+x86_64-w64-mingw32",
        "RemoteSha": "0.6.30"
      },
      "sources": ["https://packagemanager.rstudio.com/cran/2022-12-02/bin/windows/contrib/4.2/digest_0.6.30.zip"],
      "target": "bin/windows/contrib/4.2/digest_0.6.30.zip",
      "platform": "i386+x86_64-w64-mingw32",
      "rversion": "4.2",
      "built": "R 4.2.2; x86_64-w64-mingw32; 2022-12-11 01:51:44 UTC; windows",
      "directpkg": false,
      "license": "GPL (>= 2)",
      "sha256": "6ec72d6b7c171c2c5287f5e0885606a80ee7a4fd5fbd5cf05ef8d3429a4428cd",
      "filesize": 195073,
      "dep_types": ["Depends", "Imports", "LinkingTo"],
      "params": [],
      "install_args": "",
      "repotype": "cran"
    },
    {
      "ref": "fansi",
      "package": "fansi",
      "version": "1.0.3",
      "type": "standard",
      "direct": false,
      "binary": true,
      "dependencies": [],
      "vignettes": false,
      "needscompilation": true,
      "metadata": {
        "RemoteType": "standard",
        "RemotePkgRef": "fansi",
        "RemoteRef": "fansi",
        "RemoteRepos": "https://packagemanager.rstudio.com/cran/2022-12-02",
        "RemotePkgPlatform": "i386+x86_64-w64-mingw32",
        "RemoteSha": "1.0.3"
      },
      "sources": ["https://packagemanager.rstudio.com/cran/2022-12-02/bin/windows/contrib/4.2/fansi_1.0.3.zip"],
      "target": "bin/windows/contrib/4.2/fansi_1.0.3.zip",
      "platform": "i386+x86_64-w64-mingw32",
      "rversion": "4.2",
      "built": "R 4.2.2; x86_64-w64-mingw32; 2022-12-11 01:52:02 UTC; windows",
      "directpkg": false,
      "license": "GPL-2 | GPL-3",
      "sha256": "374632b1f130acf0c03042709855625879c789e9d66a0ea1f41fc1d37b059455",
      "filesize": 313217,
      "dep_types": ["Depends", "Imports", "LinkingTo"],
      "params": [],
      "install_args": "",
      "repotype": "cran"
    },
    {
      "ref": "farver",
      "package": "farver",
      "version": "2.1.1",
      "type": "standard",
      "direct": false,
      "binary": true,
      "dependencies": [],
      "vignettes": false,
      "needscompilation": true,
      "metadata": {
        "RemoteType": "standard",
        "RemotePkgRef": "farver",
        "RemoteRef": "farver",
        "RemoteRepos": "https://packagemanager.rstudio.com/cran/2022-12-02",
        "RemotePkgPlatform": "i386+x86_64-w64-mingw32",
        "RemoteSha": "2.1.1"
      },
      "sources": ["https://packagemanager.rstudio.com/cran/2022-12-02/bin/windows/contrib/4.2/farver_2.1.1.zip"],
      "target": "bin/windows/contrib/4.2/farver_2.1.1.zip",
      "platform": "i386+x86_64-w64-mingw32",
      "rversion": "4.2",
      "built": "R 4.2.2; x86_64-w64-mingw32; 2022-12-11 01:51:46 UTC; windows",
      "directpkg": false,
      "license": "MIT + file LICENSE",
      "sha256": "8e500ffc1b8c34d42054d5cf86b0621d6da1d5397cdf80601467554d168dbbb5",
      "filesize": 1512647,
      "dep_types": ["Depends", "Imports", "LinkingTo"],
      "params": [],
      "install_args": "",
      "repotype": "cran"
    },
    {
      "ref": "fs",
      "package": "fs",
      "version": "1.5.2",
      "type": "standard",
      "direct": false,
      "binary": true,
      "dependencies": [],
      "vignettes": false,
      "needscompilation": true,
      "metadata": {
        "RemoteType": "standard",
        "RemotePkgRef": "fs",
        "RemoteRef": "fs",
        "RemoteRepos": "https://packagemanager.rstudio.com/cran/2022-12-02",
        "RemotePkgPlatform": "i386+x86_64-w64-mingw32",
        "RemoteSha": "1.5.2"
      },
      "sources": ["https://packagemanager.rstudio.com/cran/2022-12-02/bin/windows/contrib/4.2/fs_1.5.2.zip"],
      "target": "bin/windows/contrib/4.2/fs_1.5.2.zip",
      "platform": "i386+x86_64-w64-mingw32",
      "rversion": "4.2",
      "built": "R 4.2.2; x86_64-w64-mingw32; 2022-12-11 01:52:06 UTC; windows",
      "directpkg": false,
      "license": "MIT + file LICENSE",
      "sha256": "a1ec292ecfaee0e34f3b717a24dd9cb384709ca50e39d665b7ef68eda4eb58c5",
      "filesize": 389727,
      "dep_types": ["Depends", "Imports", "LinkingTo"],
      "params": [],
      "install_args": "",
      "repotype": "cran"
    },
    {
      "ref": "future",
      "package": "future",
      "version": "1.29.0",
      "type": "standard",
      "direct": false,
      "binary": true,
      "dependencies": ["digest", "globals", "listenv", "parallelly"],
      "vignettes": false,
      "needscompilation": false,
      "metadata": {
        "RemoteType": "standard",
        "RemotePkgRef": "future",
        "RemoteRef": "future",
        "RemoteRepos": "https://packagemanager.rstudio.com/cran/2022-12-02",
        "RemotePkgPlatform": "i386+x86_64-w64-mingw32",
        "RemoteSha": "1.29.0"
      },
      "sources": ["https://packagemanager.rstudio.com/cran/2022-12-02/bin/windows/contrib/4.2/future_1.29.0.zip"],
      "target": "bin/windows/contrib/4.2/future_1.29.0.zip",
      "platform": "i386+x86_64-w64-mingw32",
      "rversion": "4.2",
      "built": "R 4.2.2; ; 2022-12-11 02:43:10 UTC; windows",
      "directpkg": false,
      "license": "LGPL (>= 2.1)",
      "sha256": "b08f53d3f5dfa9e48b895b6181282bd5a1ab373635431f47a692f71e69403d84",
      "filesize": 698693,
      "dep_types": ["Depends", "Imports", "LinkingTo"],
      "params": [],
      "install_args": "",
      "repotype": "cran"
    },
    {
      "ref": "ggplot2",
      "package": "ggplot2",
      "version": "3.4.0",
      "type": "standard",
      "direct": false,
      "binary": true,
      "dependencies": ["cli", "glue", "gtable", "isoband", "lifecycle", "MASS", "mgcv", "rlang", "scales", "tibble", "vctrs", "withr"],
      "vignettes": false,
      "needscompilation": false,
      "metadata": {
        "RemoteType": "standard",
        "RemotePkgRef": "ggplot2",
        "RemoteRef": "ggplot2",
        "RemoteRepos": "https://packagemanager.rstudio.com/cran/2022-12-02",
        "RemotePkgPlatform": "i386+x86_64-w64-mingw32",
        "RemoteSha": "3.4.0"
      },
      "sources": ["https://packagemanager.rstudio.com/cran/2022-12-02/bin/windows/contrib/4.2/ggplot2_3.4.0.zip"],
      "target": "bin/windows/contrib/4.2/ggplot2_3.4.0.zip",
      "platform": "i386+x86_64-w64-mingw32",
      "rversion": "4.2",
      "built": "R 4.2.2; ; 2022-12-11 04:25:04 UTC; windows",
      "directpkg": false,
      "license": "MIT + file LICENSE",
      "sha256": "6c694abf95e4d679db0f5aea0be66f5d0b2eecd0367c9bea1392328ba439a903",
      "filesize": 4217370,
      "dep_types": ["Depends", "Imports", "LinkingTo"],
      "params": [],
      "install_args": "",
      "repotype": "cran"
    },
    {
      "ref": "globals",
      "package": "globals",
      "version": "0.16.2",
      "type": "standard",
      "direct": false,
      "binary": true,
      "dependencies": ["codetools"],
      "vignettes": false,
      "needscompilation": false,
      "metadata": {
        "RemoteType": "standard",
        "RemotePkgRef": "globals",
        "RemoteRef": "globals",
        "RemoteRepos": "https://packagemanager.rstudio.com/cran/2022-12-02",
        "RemotePkgPlatform": "i386+x86_64-w64-mingw32",
        "RemoteSha": "0.16.2"
      },
      "sources": ["https://packagemanager.rstudio.com/cran/2022-12-02/bin/windows/contrib/4.2/globals_0.16.2.zip"],
      "target": "bin/windows/contrib/4.2/globals_0.16.2.zip",
      "platform": "i386+x86_64-w64-mingw32",
      "rversion": "4.2",
      "built": "R 4.2.2; ; 2022-11-29 00:56:25 UTC; windows",
      "directpkg": false,
      "license": "LGPL (>= 2.1)",
      "sha256": "906e312e5ac6a4bfe8c476b268a7dde8af477f425f2ff5474592f54e0da65170",
      "filesize": 107105,
      "dep_types": ["Depends", "Imports", "LinkingTo"],
      "params": [],
      "install_args": "",
      "repotype": "cran"
    },
    {
      "ref": "glue",
      "package": "glue",
      "version": "1.6.2",
      "type": "standard",
      "direct": false,
      "binary": true,
      "dependencies": [],
      "vignettes": false,
      "needscompilation": true,
      "metadata": {
        "RemoteType": "standard",
        "RemotePkgRef": "glue",
        "RemoteRef": "glue",
        "RemoteRepos": "https://packagemanager.rstudio.com/cran/2022-12-02",
        "RemotePkgPlatform": "i386+x86_64-w64-mingw32",
        "RemoteSha": "1.6.2"
      },
      "sources": ["https://packagemanager.rstudio.com/cran/2022-12-02/bin/windows/contrib/4.2/glue_1.6.2.zip"],
      "target": "bin/windows/contrib/4.2/glue_1.6.2.zip",
      "platform": "i386+x86_64-w64-mingw32",
      "rversion": "4.2",
      "built": "R 4.2.2; x86_64-w64-mingw32; 2022-12-11 01:51:35 UTC; windows",
      "directpkg": false,
      "license": "MIT + file LICENSE",
      "sha256": "9adda4cb210ae16490a0552be5e76ec1b36c32a7692b89cd90c12e5731bf731a",
      "filesize": 162126,
      "dep_types": ["Depends", "Imports", "LinkingTo"],
      "params": [],
      "install_args": "",
      "repotype": "cran"
    },
    {
      "ref": "gtable",
      "package": "gtable",
      "version": "0.3.1",
      "type": "standard",
      "direct": false,
      "binary": true,
      "dependencies": [],
      "vignettes": false,
      "needscompilation": false,
      "metadata": {
        "RemoteType": "standard",
        "RemotePkgRef": "gtable",
        "RemoteRef": "gtable",
        "RemoteRepos": "https://packagemanager.rstudio.com/cran/2022-12-02",
        "RemotePkgPlatform": "i386+x86_64-w64-mingw32",
        "RemoteSha": "0.3.1"
      },
      "sources": ["https://packagemanager.rstudio.com/cran/2022-12-02/bin/windows/contrib/4.2/gtable_0.3.1.zip"],
      "target": "bin/windows/contrib/4.2/gtable_0.3.1.zip",
      "platform": "i386+x86_64-w64-mingw32",
      "rversion": "4.2",
      "built": "R 4.2.2; ; 2022-12-11 01:51:38 UTC; windows",
      "directpkg": false,
      "license": "MIT + file LICENSE",
      "sha256": "fdbb40641cb025edc862617c25f068ae18e36ab6a2417ca25ec64369b5e14f31",
      "filesize": 164500,
      "dep_types": ["Depends", "Imports", "LinkingTo"],
      "params": [],
      "install_args": "",
      "repotype": "cran"
    },
    {
      "ref": "isoband",
      "package": "isoband",
      "version": "0.2.6",
      "type": "standard",
      "direct": false,
      "binary": true,
      "dependencies": [],
      "vignettes": false,
      "needscompilation": true,
      "metadata": {
        "RemoteType": "standard",
        "RemotePkgRef": "isoband",
        "RemoteRef": "isoband",
        "RemoteRepos": "https://packagemanager.rstudio.com/cran/2022-12-02",
        "RemotePkgPlatform": "i386+x86_64-w64-mingw32",
        "RemoteSha": "0.2.6"
      },
      "sources": ["https://packagemanager.rstudio.com/cran/2022-12-02/bin/windows/contrib/4.2/isoband_0.2.6.zip"],
      "target": "bin/windows/contrib/4.2/isoband_0.2.6.zip",
      "platform": "i386+x86_64-w64-mingw32",
      "rversion": "4.2",
      "built": "R 4.2.2; x86_64-w64-mingw32; 2022-12-11 01:51:44 UTC; windows",
      "directpkg": false,
      "license": "MIT + file LICENSE",
      "sha256": "9fde410e1c934c1749ede6aa3af5cf3e9cfd1af6a722f530937f6cd790c1b22c",
      "filesize": 2180529,
      "dep_types": ["Depends", "Imports", "LinkingTo"],
      "params": [],
      "install_args": "",
      "repotype": "cran"
    },
    {
      "ref": "labeling",
      "package": "labeling",
      "version": "0.4.2",
      "type": "standard",
      "direct": false,
      "binary": true,
      "dependencies": [],
      "vignettes": false,
      "needscompilation": false,
      "metadata": {
        "RemoteType": "standard",
        "RemotePkgRef": "labeling",
        "RemoteRef": "labeling",
        "RemoteRepos": "https://packagemanager.rstudio.com/cran/2022-12-02",
        "RemotePkgPlatform": "i386+x86_64-w64-mingw32",
        "RemoteSha": "0.4.2"
      },
      "sources": ["https://packagemanager.rstudio.com/cran/2022-12-02/bin/windows/contrib/4.2/labeling_0.4.2.zip"],
      "target": "bin/windows/contrib/4.2/labeling_0.4.2.zip",
      "platform": "i386+x86_64-w64-mingw32",
      "rversion": "4.2",
      "built": "R 4.2.0; ; 2022-04-24 01:19:40 UTC; windows",
      "directpkg": false,
      "license": "MIT + file LICENSE | Unlimited",
      "sha256": "c37fdd5e9a0ea87c826680139a2b75e720922a39142fd16ff0e807eda1bc52fd",
      "filesize": 62511,
      "dep_types": ["Depends", "Imports", "LinkingTo"],
      "params": [],
      "install_args": "",
      "repotype": "cran"
    },
    {
      "ref": "lifecycle",
      "package": "lifecycle",
      "version": "1.0.3",
      "type": "standard",
      "direct": false,
      "binary": true,
      "dependencies": ["cli", "glue", "rlang"],
      "vignettes": false,
      "needscompilation": false,
      "metadata": {
        "RemoteType": "standard",
        "RemotePkgRef": "lifecycle",
        "RemoteRef": "lifecycle",
        "RemoteRepos": "https://packagemanager.rstudio.com/cran/2022-12-02",
        "RemotePkgPlatform": "i386+x86_64-w64-mingw32",
        "RemoteSha": "1.0.3"
      },
      "sources": ["https://packagemanager.rstudio.com/cran/2022-12-02/bin/windows/contrib/4.2/lifecycle_1.0.3.zip"],
      "target": "bin/windows/contrib/4.2/lifecycle_1.0.3.zip",
      "platform": "i386+x86_64-w64-mingw32",
      "rversion": "4.2",
      "built": "R 4.2.2; ; 2022-12-11 02:42:57 UTC; windows",
      "directpkg": false,
      "license": "MIT + file LICENSE",
      "sha256": "bdf7d08214f2cf03e582f973304b411f86b8fb40c3b9d03e43b6deb032ca1923",
      "filesize": 138902,
      "dep_types": ["Depends", "Imports", "LinkingTo"],
      "params": [],
      "install_args": "",
      "repotype": "cran"
    },
    {
      "ref": "listenv",
      "package": "listenv",
      "version": "0.8.0",
      "type": "standard",
      "direct": false,
      "binary": true,
      "dependencies": [],
      "vignettes": false,
      "needscompilation": false,
      "metadata": {
        "RemoteType": "standard",
        "RemotePkgRef": "listenv",
        "RemoteRef": "listenv",
        "RemoteRepos": "https://packagemanager.rstudio.com/cran/2022-12-02",
        "RemotePkgPlatform": "i386+x86_64-w64-mingw32",
        "RemoteSha": "0.8.0"
      },
      "sources": ["https://packagemanager.rstudio.com/cran/2022-12-02/bin/windows/contrib/4.2/listenv_0.8.0.zip"],
      "target": "bin/windows/contrib/4.2/listenv_0.8.0.zip",
      "platform": "i386+x86_64-w64-mingw32",
      "rversion": "4.2",
      "built": "R 4.2.2; ; 2022-12-11 01:51:58 UTC; windows",
      "directpkg": false,
      "license": "LGPL (>= 2.1)",
      "sha256": "ecb93632e166faedd218c14355951054c88c2d35dc4627cab52de2ebafdb21cf",
      "filesize": 106649,
      "dep_types": ["Depends", "Imports", "LinkingTo"],
      "params": [],
      "install_args": "",
      "repotype": "cran"
    },
    {
      "ref": "magrittr",
      "package": "magrittr",
      "version": "2.0.3",
      "type": "standard",
      "direct": false,
      "binary": true,
      "dependencies": [],
      "vignettes": false,
      "needscompilation": true,
      "metadata": {
        "RemoteType": "standard",
        "RemotePkgRef": "magrittr",
        "RemoteRef": "magrittr",
        "RemoteRepos": "https://packagemanager.rstudio.com/cran/2022-12-02",
        "RemotePkgPlatform": "i386+x86_64-w64-mingw32",
        "RemoteSha": "2.0.3"
      },
      "sources": ["https://packagemanager.rstudio.com/cran/2022-12-02/bin/windows/contrib/4.2/magrittr_2.0.3.zip"],
      "target": "bin/windows/contrib/4.2/magrittr_2.0.3.zip",
      "platform": "i386+x86_64-w64-mingw32",
      "rversion": "4.2",
      "built": "R 4.2.2; x86_64-w64-mingw32; 2022-12-11 01:51:39 UTC; windows",
      "directpkg": false,
      "license": "MIT + file LICENSE",
      "sha256": "ae7f821c676377b2e5e275a3b568596dfe3d79a4f491a855154499042a376dcb",
      "filesize": 227230,
      "dep_types": ["Depends", "Imports", "LinkingTo"],
      "params": [],
      "install_args": "",
      "repotype": "cran"
    },
    {
      "ref": "munsell",
      "package": "munsell",
      "version": "0.5.0",
      "type": "standard",
      "direct": false,
      "binary": true,
      "dependencies": ["colorspace"],
      "vignettes": false,
      "needscompilation": false,
      "metadata": {
        "RemoteType": "standard",
        "RemotePkgRef": "munsell",
        "RemoteRef": "munsell",
        "RemoteRepos": "https://packagemanager.rstudio.com/cran/2022-12-02",
        "RemotePkgPlatform": "i386+x86_64-w64-mingw32",
        "RemoteSha": "0.5.0"
      },
      "sources": ["https://packagemanager.rstudio.com/cran/2022-12-02/bin/windows/contrib/4.2/munsell_0.5.0.zip"],
      "target": "bin/windows/contrib/4.2/munsell_0.5.0.zip",
      "platform": "i386+x86_64-w64-mingw32",
      "rversion": "4.2",
      "built": "R 4.2.2; ; 2022-12-11 02:42:28 UTC; windows",
      "directpkg": false,
      "license": "MIT + file LICENSE",
      "sha256": "1da6f220e7b3b0a38ed8842ab63b25b751246603d906576711ba1ef3edb6cc30",
      "filesize": 244298,
      "dep_types": ["Depends", "Imports", "LinkingTo"],
      "params": [],
      "install_args": "",
      "repotype": "cran"
    },
    {
      "ref": "nloptr",
      "package": "nloptr",
      "version": "2.0.3",
      "type": "standard",
      "direct": false,
      "binary": true,
      "dependencies": [],
      "vignettes": false,
      "needscompilation": true,
      "metadata": {
        "RemoteType": "standard",
        "RemotePkgRef": "nloptr",
        "RemoteRef": "nloptr",
        "RemoteRepos": "https://packagemanager.rstudio.com/cran/2022-12-02",
        "RemotePkgPlatform": "i386+x86_64-w64-mingw32",
        "RemoteSha": "2.0.3"
      },
      "sources": ["https://packagemanager.rstudio.com/cran/2022-12-02/bin/windows/contrib/4.2/nloptr_2.0.3.zip"],
      "target": "bin/windows/contrib/4.2/nloptr_2.0.3.zip",
      "platform": "i386+x86_64-w64-mingw32",
      "rversion": "4.2",
      "built": "R 4.2.2; x86_64-w64-mingw32; 2022-12-11 05:45:43 UTC; windows",
      "directpkg": false,
      "license": "LGPL (>= 3)",
      "sha256": "33f672f698c07d72653fb23616d34442c0a2d45ed6459c005d9b7e454f6c5f22",
      "filesize": 999504,
      "dep_types": ["Depends", "Imports", "LinkingTo"],
      "params": [],
      "install_args": "",
      "repotype": "cran"
    },
    {
      "ref": "parallelly",
      "package": "parallelly",
      "version": "1.32.1",
      "type": "standard",
      "direct": false,
      "binary": true,
      "dependencies": [],
      "vignettes": false,
      "needscompilation": false,
      "metadata": {
        "RemoteType": "standard",
        "RemotePkgRef": "parallelly",
        "RemoteRef": "parallelly",
        "RemoteRepos": "https://packagemanager.rstudio.com/cran/2022-12-02",
        "RemotePkgPlatform": "i386+x86_64-w64-mingw32",
        "RemoteSha": "1.32.1"
      },
      "sources": ["https://packagemanager.rstudio.com/cran/2022-12-02/bin/windows/contrib/4.2/parallelly_1.32.1.zip"],
      "target": "bin/windows/contrib/4.2/parallelly_1.32.1.zip",
      "platform": "i386+x86_64-w64-mingw32",
      "rversion": "4.2",
      "built": "R 4.2.1; ; 2022-07-23 23:51:06 UTC; windows",
      "directpkg": false,
      "license": "LGPL (>= 2.1)",
      "sha256": "5dc0bd5ff22d7631c5631699cd992571607f77a71f7a2e4dda63b1ad41021b52",
      "filesize": 305612,
      "dep_types": ["Depends", "Imports", "LinkingTo"],
      "params": [],
      "install_args": "",
      "repotype": "cran"
    },
    {
      "ref": "pillar",
      "package": "pillar",
      "version": "1.8.1",
      "type": "standard",
      "direct": false,
      "binary": true,
      "dependencies": ["cli", "fansi", "glue", "lifecycle", "rlang", "utf8", "vctrs"],
      "vignettes": false,
      "needscompilation": false,
      "metadata": {
        "RemoteType": "standard",
        "RemotePkgRef": "pillar",
        "RemoteRef": "pillar",
        "RemoteRepos": "https://packagemanager.rstudio.com/cran/2022-12-02",
        "RemotePkgPlatform": "i386+x86_64-w64-mingw32",
        "RemoteSha": "1.8.1"
      },
      "sources": ["https://packagemanager.rstudio.com/cran/2022-12-02/bin/windows/contrib/4.2/pillar_1.8.1.zip"],
      "target": "bin/windows/contrib/4.2/pillar_1.8.1.zip",
      "platform": "i386+x86_64-w64-mingw32",
      "rversion": "4.2",
      "built": "R 4.2.2; ; 2022-12-11 03:43:05 UTC; windows",
      "directpkg": false,
      "license": "MIT + file LICENSE",
      "sha256": "628807694bf2f7bf139f188f95f6fd28ff50d7af3ae67886c45f2838ce87646e",
      "filesize": 689698,
      "dep_types": ["Depends", "Imports", "LinkingTo"],
      "params": [],
      "install_args": "",
      "repotype": "cran"
    },
    {
      "ref": "pkgconfig",
      "package": "pkgconfig",
      "version": "2.0.3",
      "type": "standard",
      "direct": false,
      "binary": true,
      "dependencies": [],
      "vignettes": false,
      "needscompilation": false,
      "metadata": {
        "RemoteType": "standard",
        "RemotePkgRef": "pkgconfig",
        "RemoteRef": "pkgconfig",
        "RemoteRepos": "https://packagemanager.rstudio.com/cran/2022-12-02",
        "RemotePkgPlatform": "i386+x86_64-w64-mingw32",
        "RemoteSha": "2.0.3"
      },
      "sources": ["https://packagemanager.rstudio.com/cran/2022-12-02/bin/windows/contrib/4.2/pkgconfig_2.0.3.zip"],
      "target": "bin/windows/contrib/4.2/pkgconfig_2.0.3.zip",
      "platform": "i386+x86_64-w64-mingw32",
      "rversion": "4.2",
      "built": "R 4.2.2; ; 2022-12-11 01:51:32 UTC; windows",
      "directpkg": false,
      "license": "MIT + file LICENSE",
      "sha256": "6c95a403f4d3e90b21a177f4b698e521a9c2243beaa40e40af03af6bd217b34f",
      "filesize": 22423,
      "dep_types": ["Depends", "Imports", "LinkingTo"],
      "params": [],
      "install_args": "",
      "repotype": "cran"
    },
    {
      "ref": "prettyunits",
      "package": "prettyunits",
      "version": "1.1.1",
      "type": "standard",
      "direct": false,
      "binary": true,
      "dependencies": [],
      "vignettes": false,
      "needscompilation": false,
      "metadata": {
        "RemoteType": "standard",
        "RemotePkgRef": "prettyunits",
        "RemoteRef": "prettyunits",
        "RemoteRepos": "https://packagemanager.rstudio.com/cran/2022-12-02",
        "RemotePkgPlatform": "i386+x86_64-w64-mingw32",
        "RemoteSha": "1.1.1"
      },
      "sources": ["https://packagemanager.rstudio.com/cran/2022-12-02/bin/windows/contrib/4.2/prettyunits_1.1.1.zip"],
      "target": "bin/windows/contrib/4.2/prettyunits_1.1.1.zip",
      "platform": "i386+x86_64-w64-mingw32",
      "rversion": "4.2",
      "built": "R 4.2.2; ; 2022-12-11 01:51:47 UTC; windows",
      "directpkg": false,
      "license": "MIT + file LICENSE",
      "sha256": "eeb65880f96867f5c108a30cddccf0b814dc813a06076d24bd58c15902edcd99",
      "filesize": 37731,
      "dep_types": ["Depends", "Imports", "LinkingTo"],
      "params": [],
      "install_args": "",
      "repotype": "cran"
    },
    {
      "ref": "rlang",
      "package": "rlang",
      "version": "1.0.6",
      "type": "standard",
      "direct": false,
      "binary": true,
      "dependencies": [],
      "vignettes": false,
      "needscompilation": true,
      "metadata": {
        "RemoteType": "standard",
        "RemotePkgRef": "rlang",
        "RemoteRef": "rlang",
        "RemoteRepos": "https://packagemanager.rstudio.com/cran/2022-12-02",
        "RemotePkgPlatform": "i386+x86_64-w64-mingw32",
        "RemoteSha": "1.0.6"
      },
      "sources": ["https://packagemanager.rstudio.com/cran/2022-12-02/bin/windows/contrib/4.2/rlang_1.0.6.zip"],
      "target": "bin/windows/contrib/4.2/rlang_1.0.6.zip",
      "platform": "i386+x86_64-w64-mingw32",
      "rversion": "4.2",
      "built": "R 4.2.2; x86_64-w64-mingw32; 2022-12-11 01:52:57 UTC; windows",
      "directpkg": false,
      "license": "MIT + file LICENSE",
      "sha256": "0bb8c1aa52ca7098f427f98581c7837736dafe694e84e34baeae5ce37159aa31",
      "filesize": 1575549,
      "dep_types": ["Depends", "Imports", "LinkingTo"],
      "params": [],
      "install_args": "",
      "repotype": "cran"
    },
    {
      "ref": "scales",
      "package": "scales",
      "version": "1.2.1",
      "type": "standard",
      "direct": false,
      "binary": true,
      "dependencies": ["farver", "labeling", "lifecycle", "munsell", "R6", "RColorBrewer", "rlang", "viridisLite"],
      "vignettes": false,
      "needscompilation": false,
      "metadata": {
        "RemoteType": "standard",
        "RemotePkgRef": "scales",
        "RemoteRef": "scales",
        "RemoteRepos": "https://packagemanager.rstudio.com/cran/2022-12-02",
        "RemotePkgPlatform": "i386+x86_64-w64-mingw32",
        "RemoteSha": "1.2.1"
      },
      "sources": ["https://packagemanager.rstudio.com/cran/2022-12-02/bin/windows/contrib/4.2/scales_1.2.1.zip"],
      "target": "bin/windows/contrib/4.2/scales_1.2.1.zip",
      "platform": "i386+x86_64-w64-mingw32",
      "rversion": "4.2",
      "built": "R 4.2.2; ; 2022-12-11 03:07:28 UTC; windows",
      "directpkg": false,
      "license": "MIT + file LICENSE",
      "sha256": "778ebcefbe39e6e595fec26613a1737f522f6e3e1d0c29db01d30d71be3b4b53",
      "filesize": 615966,
      "dep_types": ["Depends", "Imports", "LinkingTo"],
      "params": [],
      "install_args": "",
      "repotype": "cran"
    },
    {
      "ref": "tibble",
      "package": "tibble",
      "version": "3.1.8",
      "type": "standard",
      "direct": false,
      "binary": true,
      "dependencies": ["fansi", "lifecycle", "magrittr", "pillar", "pkgconfig", "rlang", "vctrs"],
      "vignettes": false,
      "needscompilation": true,
      "metadata": {
        "RemoteType": "standard",
        "RemotePkgRef": "tibble",
        "RemoteRef": "tibble",
        "RemoteRepos": "https://packagemanager.rstudio.com/cran/2022-12-02",
        "RemotePkgPlatform": "i386+x86_64-w64-mingw32",
        "RemoteSha": "3.1.8"
      },
      "sources": ["https://packagemanager.rstudio.com/cran/2022-12-02/bin/windows/contrib/4.2/tibble_3.1.8.zip"],
      "target": "bin/windows/contrib/4.2/tibble_3.1.8.zip",
      "platform": "i386+x86_64-w64-mingw32",
      "rversion": "4.2",
      "built": "R 4.2.2; x86_64-w64-mingw32; 2022-12-11 04:05:53 UTC; windows",
      "directpkg": false,
      "license": "MIT + file LICENSE",
      "sha256": "60fdb3949516922cb1e30e42f59e48e0678dd0208ddd0dde884065f6bc37ea0d",
      "filesize": 733172,
      "dep_types": ["Depends", "Imports", "LinkingTo"],
      "params": [],
      "install_args": "",
      "repotype": "cran"
    },
    {
      "ref": "utf8",
      "package": "utf8",
      "version": "1.2.2",
      "type": "standard",
      "direct": false,
      "binary": true,
      "dependencies": [],
      "vignettes": false,
      "needscompilation": true,
      "metadata": {
        "RemoteType": "standard",
        "RemotePkgRef": "utf8",
        "RemoteRef": "utf8",
        "RemoteRepos": "https://packagemanager.rstudio.com/cran/2022-12-02",
        "RemotePkgPlatform": "i386+x86_64-w64-mingw32",
        "RemoteSha": "1.2.2"
      },
      "sources": ["https://packagemanager.rstudio.com/cran/2022-12-02/bin/windows/contrib/4.2/utf8_1.2.2.zip"],
      "target": "bin/windows/contrib/4.2/utf8_1.2.2.zip",
      "platform": "i386+x86_64-w64-mingw32",
      "rversion": "4.2",
      "built": "R 4.2.2; x86_64-w64-mingw32; 2022-12-11 01:51:45 UTC; windows",
      "directpkg": false,
      "license": "Apache License (== 2.0) | file LICENSE",
      "sha256": "76715b847c0758f1c0da8e40b2c560ff544958fb8a1bef26b1165d7323bb9680",
      "filesize": 150085,
      "dep_types": ["Depends", "Imports", "LinkingTo"],
      "params": [],
      "install_args": "",
      "repotype": "cran"
    },
    {
      "ref": "vctrs",
      "package": "vctrs",
      "version": "0.5.1",
      "type": "standard",
      "direct": false,
      "binary": true,
      "dependencies": ["cli", "glue", "lifecycle", "rlang"],
      "vignettes": false,
      "needscompilation": true,
      "metadata": {
        "RemoteType": "standard",
        "RemotePkgRef": "vctrs",
        "RemoteRef": "vctrs",
        "RemoteRepos": "https://packagemanager.rstudio.com/cran/2022-12-02",
        "RemotePkgPlatform": "i386+x86_64-w64-mingw32",
        "RemoteSha": "0.5.1"
      },
      "sources": ["https://packagemanager.rstudio.com/cran/2022-12-02/bin/windows/contrib/4.2/vctrs_0.5.1.zip"],
      "target": "bin/windows/contrib/4.2/vctrs_0.5.1.zip",
      "platform": "i386+x86_64-w64-mingw32",
      "rversion": "4.2",
      "built": "R 4.2.2; x86_64-w64-mingw32; 2022-12-11 03:07:27 UTC; windows",
      "directpkg": false,
      "license": "MIT + file LICENSE",
      "sha256": "5dd78bc5cb75b25b9695366f0a5bff6f456b5433058b6531f4ae6667a34c9487",
      "filesize": 1360753,
      "dep_types": ["Depends", "Imports", "LinkingTo"],
      "params": [],
      "install_args": "",
      "repotype": "cran"
    },
    {
      "ref": "viridisLite",
      "package": "viridisLite",
      "version": "0.4.1",
      "type": "standard",
      "direct": false,
      "binary": true,
      "dependencies": [],
      "vignettes": false,
      "needscompilation": false,
      "metadata": {
        "RemoteType": "standard",
        "RemotePkgRef": "viridisLite",
        "RemoteRef": "viridisLite",
        "RemoteRepos": "https://packagemanager.rstudio.com/cran/2022-12-02",
        "RemotePkgPlatform": "i386+x86_64-w64-mingw32",
        "RemoteSha": "0.4.1"
      },
      "sources": ["https://packagemanager.rstudio.com/cran/2022-12-02/bin/windows/contrib/4.2/viridisLite_0.4.1.zip"],
      "target": "bin/windows/contrib/4.2/viridisLite_0.4.1.zip",
      "platform": "i386+x86_64-w64-mingw32",
      "rversion": "4.2",
      "built": "R 4.2.2; ; 2022-12-11 01:51:31 UTC; windows",
      "directpkg": false,
      "license": "MIT + file LICENSE",
      "sha256": "8c591289fb750d256066c816f814ea5f22bf5ac27ee26e20f6159681e3f3d0f9",
      "filesize": 1300026,
      "dep_types": ["Depends", "Imports", "LinkingTo"],
      "params": [],
      "install_args": "",
      "repotype": "cran"
    },
    {
      "ref": "withr",
      "package": "withr",
      "version": "2.5.0",
      "type": "standard",
      "direct": false,
      "binary": true,
      "dependencies": [],
      "vignettes": false,
      "needscompilation": false,
      "metadata": {
        "RemoteType": "standard",
        "RemotePkgRef": "withr",
        "RemoteRef": "withr",
        "RemoteRepos": "https://packagemanager.rstudio.com/cran/2022-12-02",
        "RemotePkgPlatform": "i386+x86_64-w64-mingw32",
        "RemoteSha": "2.5.0"
      },
      "sources": ["https://packagemanager.rstudio.com/cran/2022-12-02/bin/windows/contrib/4.2/withr_2.5.0.zip"],
      "target": "bin/windows/contrib/4.2/withr_2.5.0.zip",
      "platform": "i386+x86_64-w64-mingw32",
      "rversion": "4.2",
      "built": "R 4.2.2; ; 2022-12-11 01:51:42 UTC; windows",
      "directpkg": false,
      "license": "MIT + file LICENSE",
      "sha256": "24121a13085f700de1c85ddb67717160c44b2de903f6e634ca735b1117bd3cc3",
      "filesize": 232072,
      "dep_types": ["Depends", "Imports", "LinkingTo"],
      "params": [],
      "install_args": "",
      "repotype": "cran"
    },
    {
      "ref": "xml2",
      "package": "xml2",
      "version": "1.3.3",
      "type": "standard",
      "direct": false,
      "binary": true,
      "dependencies": [],
      "vignettes": false,
      "needscompilation": true,
      "metadata": {
        "RemoteType": "standard",
        "RemotePkgRef": "xml2",
        "RemoteRef": "xml2",
        "RemoteRepos": "https://packagemanager.rstudio.com/cran/2022-12-02",
        "RemotePkgPlatform": "i386+x86_64-w64-mingw32",
        "RemoteSha": "1.3.3"
      },
      "sources": ["https://packagemanager.rstudio.com/cran/2022-12-02/bin/windows/contrib/4.2/xml2_1.3.3.zip"],
      "target": "bin/windows/contrib/4.2/xml2_1.3.3.zip",
      "platform": "i386+x86_64-w64-mingw32",
      "rversion": "4.2",
      "built": "R 4.2.2; x86_64-w64-mingw32; 2022-12-11 01:52:24 UTC; windows",
      "directpkg": false,
      "license": "MIT + file LICENSE",
      "sha256": "8e653fea4decc2394ce24e221a22b90e7f62049580ee6661b767ca3c4769fce2",
      "filesize": 1575334,
      "dep_types": ["Depends", "Imports", "LinkingTo"],
      "params": [],
      "install_args": "",
      "repotype": "cran"
    },
    {
      "ref": "installed::c:/SoftDevel/R/R-4.2.2/library/codetools",
      "package": "codetools",
      "version": "0.2-18",
      "type": "installed",
      "direct": false,
      "binary": true,
      "dependencies": [],
      "vignettes": false,
      "needscompilation": false,
      "metadata": {
        "RemoteType": "installed",
        "RemotePkgRef": "installed::c:/SoftDevel/R/R-4.2.2/library/codetools",
        "RemotePkgPlatform": "*",
        "RemoteSha": "0.2-18"
      },
      "sources": [],
      "target": "src/contrib/codetools_0.2-18.tar.gz",
      "platform": "*",
      "rversion": "R 4.2.2",
      "built": "R 4.2.2; ; 2022-10-31 14:46:35 UTC; windows",
      "directpkg": false,
      "license": "GPL",
      "dep_types": ["Depends", "Imports", "LinkingTo"],
      "params": [],
      "install_args": "",
      "repotype": "cran"
    },
    {
      "ref": "installed::c:/SoftDevel/R/R-4.2.2/library/lattice",
      "package": "lattice",
      "version": "0.20-45",
      "type": "installed",
      "direct": false,
      "binary": true,
      "dependencies": [],
      "vignettes": false,
      "needscompilation": true,
      "metadata": {
        "RemoteType": "installed",
        "RemotePkgRef": "installed::c:/SoftDevel/R/R-4.2.2/library/lattice",
        "RemotePkgPlatform": "x86_64-w64-mingw32",
        "RemoteSha": "0.20-45"
      },
      "sources": [],
      "target": "src/contrib/lattice_0.20-45.tar.gz",
      "platform": "x86_64-w64-mingw32",
      "rversion": "R 4.2.2",
      "built": "R 4.2.2; x86_64-w64-mingw32; 2022-10-31 14:41:49 UTC; windows",
      "directpkg": false,
      "license": "GPL (>= 2)",
      "dep_types": ["Depends", "Imports", "LinkingTo"],
      "params": [],
      "install_args": "",
      "repotype": "cran"
    },
    {
      "ref": "installed::c:/SoftDevel/R/R-4.2.2/library/MASS",
      "package": "MASS",
      "version": "7.3-58.1",
      "type": "installed",
      "direct": false,
      "binary": true,
      "dependencies": [],
      "vignettes": false,
      "needscompilation": true,
      "metadata": {
        "RemoteType": "installed",
        "RemotePkgRef": "installed::c:/SoftDevel/R/R-4.2.2/library/MASS",
        "RemotePkgPlatform": "x86_64-w64-mingw32",
        "RemoteSha": "7.3-58.1"
      },
      "sources": [],
      "target": "src/contrib/MASS_7.3-58.1.tar.gz",
      "platform": "x86_64-w64-mingw32",
      "rversion": "R 4.2.2",
      "built": "R 4.2.2; x86_64-w64-mingw32; 2022-10-31 14:41:32 UTC; windows",
      "directpkg": false,
      "license": "GPL-2 | GPL-3",
      "dep_types": ["Depends", "Imports", "LinkingTo"],
      "params": [],
      "install_args": "",
      "repotype": "cran"
    },
    {
      "ref": "installed::c:/SoftDevel/R/R-4.2.2/library/Matrix",
      "package": "Matrix",
      "version": "1.5-3",
      "type": "installed",
      "direct": false,
      "binary": true,
      "dependencies": ["lattice"],
      "vignettes": false,
      "needscompilation": true,
      "metadata": {
        "RemoteType": "installed",
        "RemotePkgRef": "installed::c:/SoftDevel/R/R-4.2.2/library/Matrix",
        "RemotePkgPlatform": "x86_64-w64-mingw32",
        "RemoteSha": "1.5-3"
      },
      "sources": [],
      "target": "src/contrib/Matrix_1.5-3.tar.gz",
      "platform": "x86_64-w64-mingw32",
      "rversion": "R 4.2.2",
      "built": "R 4.2.2; x86_64-w64-mingw32; 2022-11-13 00:51:57 UTC; windows",
      "directpkg": false,
      "license": "GPL (>= 2) | file LICENCE",
      "dep_types": ["Depends", "Imports", "LinkingTo"],
      "params": [],
      "install_args": "",
      "repotype": "cran"
    },
    {
      "ref": "installed::c:/SoftDevel/R/R-4.2.2/library/mgcv",
      "package": "mgcv",
      "version": "1.8-41",
      "type": "installed",
      "direct": false,
      "binary": true,
      "dependencies": ["Matrix", "nlme"],
      "vignettes": false,
      "needscompilation": true,
      "metadata": {
        "RemoteType": "installed",
        "RemotePkgRef": "installed::c:/SoftDevel/R/R-4.2.2/library/mgcv",
        "RemotePkgPlatform": "x86_64-w64-mingw32",
        "RemoteSha": "1.8-41"
      },
      "sources": [],
      "target": "src/contrib/mgcv_1.8-41.tar.gz",
      "platform": "x86_64-w64-mingw32",
      "rversion": "R 4.2.2",
      "built": "R 4.2.2; x86_64-w64-mingw32; 2022-10-31 14:47:23 UTC; windows",
      "directpkg": false,
      "license": "GPL (>= 2)",
      "dep_types": ["Depends", "Imports", "LinkingTo"],
      "params": [],
      "install_args": "",
      "repotype": "cran"
    },
    {
      "ref": "installed::c:/SoftDevel/R/R-4.2.2/library/nlme",
      "package": "nlme",
      "version": "3.1-160",
      "type": "installed",
      "direct": false,
      "binary": true,
      "dependencies": ["lattice"],
      "vignettes": false,
      "needscompilation": true,
      "metadata": {
        "RemoteType": "installed",
        "RemotePkgRef": "installed::c:/SoftDevel/R/R-4.2.2/library/nlme",
        "RemotePkgPlatform": "x86_64-w64-mingw32",
        "RemoteSha": "3.1-160"
      },
      "sources": [],
      "target": "src/contrib/nlme_3.1-160.tar.gz",
      "platform": "x86_64-w64-mingw32",
      "rversion": "R 4.2.2",
      "built": "R 4.2.2; x86_64-w64-mingw32; 2022-10-31 14:44:46 UTC; windows",
      "directpkg": false,
      "license": "GPL (>= 2)",
      "dep_types": ["Depends", "Imports", "LinkingTo"],
      "params": [],
      "install_args": "",
      "repotype": "cran"
    }
  ]
}
