{
  "R": {
    "Version": "4.1.1",
    "Repositories": [
      {
        "Name": "CRAN",
        "URL": "https://cloud.r-project.org"
      }
    ]
  },
  "Packages": {
    "MASS": {
      "Package": "MASS",
      "Version": "7.3-54",
      "Source": "Repository",
      "Repository": "CRAN",
      "Hash": "0e59129db205112e3963904db67fd0dc"
    },
    "Matrix": {
      "Package": "Matrix",
      "Version": "1.3-4",
      "Source": "Repository",
      "Repository": "CRAN",
      "Hash": "4ed05e9c9726267e4a5872e09c04587c"
    },
    "R6": {
      "Package": "R6",
      "Version": "2.5.1",
      "Source": "Repository",
      "Repository": "CRAN",
      "Hash": "470851b6d5d0ac559e9d01bb352b4021"
    },
    "RColorBrewer": {
      "Package": "RColorBrewer",
      "Version": "1.1-2",
      "Source": "Repository",
      "Repository": "CRAN",
      "Hash": "e031418365a7f7a766181ab5a41a5716"
    },
    "Rcpp": {
      "Package": "Rcpp",
      "Version": "1.0.7",
      "Source": "Repository",
      "Repository": "CRAN",
      "Hash": "dab19adae4440ae55aa8a9d238b246bb"
    },
    "brio": {
      "Package": "brio",
      "Version": "1.1.2",
      "Source": "Repository",
      "Repository": "CRAN",
      "Hash": "2f01e16ff9571fe70381c7b9ae560dc4"
    },
    "callr": {
      "Package": "callr",
      "Version": "3.7.0",
      "Source": "Repository",
      "Repository": "CRAN",
      "Hash": "461aa75a11ce2400245190ef5d3995df"
    },
    "cli": {
      "Package": "cli",
      "Version": "3.0.1",
      "Source": "Repository",
      "Repository": "CRAN",
      "Hash": "e3ae5d68dea0c55a12ea12a9fda02e61"
    },
    "codetools": {
      "Package": "codetools",
      "Version": "0.2-18",
      "Source": "Repository",
      "Repository": "CRAN",
      "Hash": "019388fc48e48b3da0d3a76ff94608a8"
    },
    "colorspace": {
      "Package": "colorspace",
      "Version": "2.0-2",
      "Source": "Repository",
      "Repository": "CRAN",
      "Hash": "6baccb763ee83c0bd313460fdb8b8a84"
    },
    "crayon": {
      "Package": "crayon",
      "Version": "1.4.1",
      "Source": "Repository",
      "Repository": "CRAN",
      "Hash": "e75525c55c70e5f4f78c9960a4b402e9"
    },
    "data.table": {
      "Package": "data.table",
      "Version": "1.14.2",
      "Source": "Repository",
      "Repository": "CRAN",
      "Hash": "36b67b5adf57b292923f5659f5f0c853"
    },
    "desc": {
      "Package": "desc",
      "Version": "1.4.0",
      "Source": "Repository",
      "Repository": "CRAN",
      "Hash": "28763d08fadd0b733e3cee9dab4e12fe"
    },
    "diffobj": {
      "Package": "diffobj",
      "Version": "0.3.5",
      "Source": "Repository",
      "Repository": "CRAN",
      "Hash": "bcaa8b95f8d7d01a5dedfd959ce88ab8"
    },
    "digest": {
      "Package": "digest",
      "Version": "0.6.28",
      "Source": "Repository",
      "Repository": "CRAN",
      "Hash": "49b5c6e230bfec487b8917d5a0c77cca"
    },
    "ellipsis": {
      "Package": "ellipsis",
      "Version": "0.3.2",
      "Source": "Repository",
      "Repository": "CRAN",
      "Hash": "bb0eec2fe32e88d9e2836c2f73ea2077"
    },
    "evaluate": {
      "Package": "evaluate",
      "Version": "0.14",
      "Source": "Repository",
      "Repository": "CRAN",
      "Hash": "ec8ca05cffcc70569eaaad8469d2a3a7"
    },
    "fansi": {
      "Package": "fansi",
      "Version": "0.5.0",
      "Source": "Repository",
      "Repository": "CRAN",
      "Hash": "d447b40982c576a72b779f0a3b3da227"
    },
    "farver": {
      "Package": "farver",
      "Version": "2.1.0",
      "Source": "Repository",
      "Repository": "CRAN",
      "Hash": "c98eb5133d9cb9e1622b8691487f11bb"
    },
    "fs": {
      "Package": "fs",
      "Version": "1.5.0",
      "Source": "Repository",
      "Repository": "CRAN",
      "Hash": "44594a07a42e5f91fac9f93fda6d0109"
    },
    "future": {
      "Package": "future",
      "Version": "1.22.1",
      "Source": "Repository",
      "Repository": "CRAN",
      "Hash": "9c56382c3e53f0b4fc0fc16d88fc3974"
    },
    "ggplot2": {
      "Package": "ggplot2",
      "Version": "3.3.5",
      "Source": "Repository",
      "Repository": "CRAN",
      "Hash": "d7566c471c7b17e095dd023b9ef155ad"
    },
    "globals": {
      "Package": "globals",
      "Version": "0.14.0",
      "Source": "Repository",
      "Repository": "CRAN",
      "Hash": "eca8023ed5ca6372479ebb9b3207f5ae"
    },
    "glue": {
      "Package": "glue",
      "Version": "1.4.2",
      "Source": "Repository",
      "Repository": "CRAN",
      "Hash": "6efd734b14c6471cfe443345f3e35e29"
    },
    "gtable": {
      "Package": "gtable",
      "Version": "0.3.0",
      "Source": "Repository",
      "Repository": "CRAN",
      "Hash": "ac5c6baf7822ce8732b343f14c072c4d"
    },
    "isoband": {
      "Package": "isoband",
      "Version": "0.2.5",
      "Source": "Repository",
      "Repository": "CRAN",
      "Hash": "7ab57a6de7f48a8dc84910d1eca42883"
    },
    "jsonlite": {
      "Package": "jsonlite",
      "Version": "1.7.2",
      "Source": "Repository",
      "Repository": "CRAN",
      "Hash": "98138e0994d41508c7a6b84a0600cfcb"
    },
    "labeling": {
      "Package": "labeling",
      "Version": "0.4.2",
      "Source": "Repository",
      "Repository": "CRAN",
      "Hash": "3d5108641f47470611a32d0bdf357a72"
    },
    "lattice": {
      "Package": "lattice",
      "Version": "0.20-45",
      "Source": "Repository",
      "Repository": "CRAN",
      "Hash": "b64cdbb2b340437c4ee047a1f4c4377b"
    },
    "lifecycle": {
      "Package": "lifecycle",
      "Version": "1.0.1",
      "Source": "Repository",
      "Repository": "CRAN",
      "Hash": "a6b6d352e3ed897373ab19d8395c98d0"
    },
    "listenv": {
      "Package": "listenv",
      "Version": "0.8.0",
      "Source": "Repository",
      "Repository": "CRAN",
      "Hash": "0bde42ee282efb18c7c4e63822f5b4f7"
    },
    "magrittr": {
      "Package": "magrittr",
      "Version": "2.0.1",
      "Source": "Repository",
      "Repository": "CRAN",
      "Hash": "41287f1ac7d28a92f0a286ed507928d3"
    },
    "mgcv": {
      "Package": "mgcv",
      "Version": "1.8-38",
      "Source": "Repository",
      "Repository": "CRAN",
      "Hash": "be3c61ffbb1e3d3b3df214d192ac5444"
    },
    "munsell": {
      "Package": "munsell",
      "Version": "0.5.0",
      "Source": "Repository",
      "Repository": "CRAN",
      "Hash": "6dfe8bf774944bd5595785e3229d8771"
    },
    "nlme": {
      "Package": "nlme",
      "Version": "3.1-153",
      "Source": "Repository",
      "Repository": "CRAN",
      "Hash": "2d632e0d963a653a0329756ce701ecdd"
    },
    "nloptr": {
      "Package": "nloptr",
      "Version": "1.2.2.2",
      "Source": "Repository",
      "Repository": "CRAN",
      "Hash": "2737faeee353704efec5afa1e943dd64"
    },
    "parallelly": {
      "Package": "parallelly",
      "Version": "1.28.1",
      "Source": "Repository",
      "Repository": "CRAN",
      "Hash": "5300c9fc71841550bdca64d39e82af0e"
    },
    "pillar": {
      "Package": "pillar",
      "Version": "1.6.4",
      "Source": "Repository",
      "Repository": "CRAN",
      "Hash": "60200b6aa32314ac457d3efbb5ccbd98"
    },
    "pkgconfig": {
      "Package": "pkgconfig",
      "Version": "2.0.3",
      "Source": "Repository",
      "Repository": "CRAN",
      "Hash": "01f28d4278f15c76cddbea05899c5d6f"
    },
    "pkgload": {
      "Package": "pkgload",
      "Version": "1.2.3",
      "Source": "Repository",
      "Repository": "CRAN",
      "Hash": "302276471121c41f47380243b82d5882"
    },
    "praise": {
      "Package": "praise",
      "Version": "1.0.0",
      "Source": "Repository",
      "Repository": "CRAN",
      "Hash": "a555924add98c99d2f411e37e7d25e9f"
    },
    "prettyunits": {
      "Package": "prettyunits",
      "Version": "1.1.1",
      "Source": "Repository",
      "Repository": "CRAN",
      "Hash": "95ef9167b75dde9d2ccc3c7528393e7e"
    },
    "processx": {
      "Package": "processx",
      "Version": "3.5.2",
      "Source": "Repository",
      "Repository": "CRAN",
      "Hash": "0cbca2bc4d16525d009c4dbba156b37c"
    },
    "ps": {
      "Package": "ps",
      "Version": "1.6.0",
      "Source": "Repository",
      "Repository": "CRAN",
      "Hash": "32620e2001c1dce1af49c49dccbb9420"
    },
    "rematch2": {
      "Package": "rematch2",
      "Version": "2.1.2",
      "Source": "Repository",
      "Repository": "CRAN",
      "Hash": "76c9e04c712a05848ae7a23d2f170a40"
    },
    "renv": {
      "Package": "renv",
      "Version": "0.14.0",
      "Source": "Repository",
      "Repository": "CRAN",
      "Hash": "30e5eba91b67f7f4d75d31de14bbfbdc"
    },
    "rlang": {
      "Package": "rlang",
      "Version": "0.4.12",
      "Source": "Repository",
      "Repository": "CRAN",
      "Hash": "0879f5388fe6e4d56d7ef0b7ccb031e5"
    },
    "rprojroot": {
      "Package": "rprojroot",
      "Version": "2.0.2",
      "Source": "Repository",
      "Repository": "CRAN",
      "Hash": "249d8cd1e74a8f6a26194a91b47f21d1"
    },
    "rstudioapi": {
      "Package": "rstudioapi",
      "Version": "0.13",
      "Source": "Repository",
      "Repository": "CRAN",
      "Hash": "06c85365a03fdaf699966cc1d3cf53ea"
    },
    "scales": {
      "Package": "scales",
      "Version": "1.1.1",
      "Source": "Repository",
      "Repository": "CRAN",
      "Hash": "6f76f71042411426ec8df6c54f34e6dd"
    },
    "testthat": {
      "Package": "testthat",
      "Version": "3.1.0",
      "Source": "Repository",
      "Repository": "CRAN",
      "Hash": "89e55ebe4f5ddd7f43f0f2bc6d96c950"
    },
    "tibble": {
      "Package": "tibble",
      "Version": "3.1.5",
      "Source": "Repository",
      "Repository": "CRAN",
      "Hash": "36eb05ad4cfdfeaa56f5a9b2a1311efd"
    },
    "utf8": {
      "Package": "utf8",
      "Version": "1.2.2",
      "Source": "Repository",
      "Repository": "CRAN",
      "Hash": "c9c462b759a5cc844ae25b5942654d13"
    },
    "vctrs": {
      "Package": "vctrs",
      "Version": "0.3.8",
      "Source": "Repository",
      "Repository": "CRAN",
      "Hash": "ecf749a1b39ea72bd9b51b76292261f1"
    },
    "viridisLite": {
      "Package": "viridisLite",
      "Version": "0.4.0",
      "Source": "Repository",
      "Repository": "CRAN",
      "Hash": "55e157e2aa88161bdb0754218470d204"
    },
    "waldo": {
      "Package": "waldo",
      "Version": "0.3.1",
      "Source": "Repository",
      "Repository": "CRAN",
      "Hash": "ad8cfff5694ac5b3c354f8f2044bd976"
    },
    "withr": {
      "Package": "withr",
      "Version": "2.4.2",
      "Source": "Repository",
      "Repository": "CRAN",
      "Hash": "ad03909b44677f930fa156d47d7a3aeb"
    },
    "xml2": {
      "Package": "xml2",
      "Version": "1.3.2",
      "Source": "Repository",
      "Repository": "CRAN",
      "Hash": "d4d71a75dd3ea9eb5fa28cc21f9585e2"
    }
  }
}
