PackratFormat: 1.4
PackratVersion: 0.5.0.1
RVersion: 3.6.1
Repos: CRAN=https://cloud.r-project.org

Package: Rcpp
Source: CRAN
Version: 1.0.2
Hash: d04e441a8d398e3d3a71f294c07fa94d

Package: data.table
Source: CRAN
Version: 1.12.2
Hash: b1642cf2ee0ab1d1b152ffacdb4401f7

Package: digest
Source: CRAN
Version: 0.6.20
Hash: 96694793002a72637776e3b31956cbb2

Package: future
Source: CRAN
Version: 1.14.0
Hash: be5e13b4f7a76297c720059f04845aeb
Requires: digest, globals, listenv

Package: globals
Source: CRAN
Version: 0.12.4
Hash: 813a6280042ee82fa529833489333322

Package: listenv
Source: CRAN
Version: 0.7.0
Hash: f5e0d09f4e42d749ae0f893cff1817b6

Package: nloptr
Source: CRAN
Version: 1.2.1
Hash: c2b0475b9a177d3331957e366a7059a0

Package: packrat
Source: github
Version: 0.5.0-1
Hash: a7e72f7cb6032d242bb06ca39b662875
GithubRepo: packrat
GithubUsername: rstudio
GithubRef: master
GithubSha1: 90c7c752e7e2abcda7f469e732cef452db881dd0

Package: xml2
Source: CRAN
Version: 1.2.1
Hash: 3bf93aa7213e2d94ff94a682c46584c6
Requires: Rcpp
